
Microsoft Visual Studio Solution File, Format Version 12.00
# Visual Studio Version 17
VisualStudioVersion = 17.10.35027.167
MinimumVisualStudioVersion = 10.0.40219.1
Project("{9A19103F-16F7-4668-BE54-9A1E7A4F7556}") = "ExcelRestService", "ExcelRestService.csproj", "{1E7089A5-178E-49E9-834D-C04BC4379C13}"
EndProject
Global
	GlobalSection(SolutionConfigurationPlatforms) = preSolution
		Debug|Any CPU = Debug|Any CPU
		Release|Any CPU = Release|Any CPU
	EndGlobalSection
	GlobalSection(ProjectConfigurationPlatforms) = postSolution
		{1E7089A5-178E-49E9-834D-C04BC4379C13}.Debug|Any CPU.ActiveCfg = Debug|Any CPU
		{1E7089A5-178E-49E9-834D-C04BC4379C13}.Debug|Any CPU.Build.0 = Debug|Any CPU
		{1E7089A5-178E-49E9-834D-C04BC4379C13}.Release|Any CPU.ActiveCfg = Release|Any CPU
		{1E7089A5-178E-49E9-834D-C04BC4379C13}.Release|Any CPU.Build.0 = Release|Any CPU
	EndGlobalSection
	GlobalSection(SolutionProperties) = preSolution
		HideSolutionNode = FALSE
	EndGlobalSection
	GlobalSection(ExtensibilityGlobals) = postSolution
		SolutionGuid = {2D7E75BE-39B0-467B-9CE3-40210DCEF89E}
	EndGlobalSection
EndGlobal
